
Microsoft Visual Studio Solution File, Format Version 12.00
# Visual Studio Version 17
VisualStudioVersion = 17.5.33516.290
MinimumVisualStudioVersion = 10.0.40219.1
Project("{9A19103F-16F7-4668-BE54-9A1E7A4F7556}") = "NDSoft.SqlTools.WinForms", "NDSoft.SqlTools\NDSoft.SqlTools.WinForms.csproj", "{A2AAE6B1-42E4-49B3-AB1E-30C7CC28EEB4}"
EndProject
Project("{9A19103F-16F7-4668-BE54-9A1E7A4F7556}") = "NDSoft.SqlTools.Lib", "NDSoft.SqlTools.Lib\NDSoft.SqlTools.Lib.csproj", "{FDE766A2-AE45-49A0-9F45-6BBB87008B19}"
EndProject
Project("{9A19103F-16F7-4668-BE54-9A1E7A4F7556}") = "NDSoft.SqlTools.WPF", "NDSoft.SqlTools.WPF\NDSoft.SqlTools.WPF.csproj", "{77C4EE58-3911-46E8-9232-6A7A3EE3BCBB}"
EndProject
Project("{FAE04EC0-301F-11D3-BF4B-00C04F79EFBC}") = "NDSoft.WPF", "NDSoft.WPF\NDSoft.WPF.csproj", "{1EC5A73A-69A7-41F7-9B1A-896D8655D387}"
EndProject
Global
	GlobalSection(SolutionConfigurationPlatforms) = preSolution
		Debug|Any CPU = Debug|Any CPU
		Release|Any CPU = Release|Any CPU
	EndGlobalSection
	GlobalSection(ProjectConfigurationPlatforms) = postSolution
		{A2AAE6B1-42E4-49B3-AB1E-30C7CC28EEB4}.Debug|Any CPU.ActiveCfg = Debug|Any CPU
		{A2AAE6B1-42E4-49B3-AB1E-30C7CC28EEB4}.Debug|Any CPU.Build.0 = Debug|Any CPU
		{A2AAE6B1-42E4-49B3-AB1E-30C7CC28EEB4}.Release|Any CPU.ActiveCfg = Release|Any CPU
		{A2AAE6B1-42E4-49B3-AB1E-30C7CC28EEB4}.Release|Any CPU.Build.0 = Release|Any CPU
		{FDE766A2-AE45-49A0-9F45-6BBB87008B19}.Debug|Any CPU.ActiveCfg = Debug|Any CPU
		{FDE766A2-AE45-49A0-9F45-6BBB87008B19}.Debug|Any CPU.Build.0 = Debug|Any CPU
		{FDE766A2-AE45-49A0-9F45-6BBB87008B19}.Release|Any CPU.ActiveCfg = Release|Any CPU
		{FDE766A2-AE45-49A0-9F45-6BBB87008B19}.Release|Any CPU.Build.0 = Release|Any CPU
		{77C4EE58-3911-46E8-9232-6A7A3EE3BCBB}.Debug|Any CPU.ActiveCfg = Debug|Any CPU
		{77C4EE58-3911-46E8-9232-6A7A3EE3BCBB}.Debug|Any CPU.Build.0 = Debug|Any CPU
		{77C4EE58-3911-46E8-9232-6A7A3EE3BCBB}.Release|Any CPU.ActiveCfg = Release|Any CPU
		{77C4EE58-3911-46E8-9232-6A7A3EE3BCBB}.Release|Any CPU.Build.0 = Release|Any CPU
		{1EC5A73A-69A7-41F7-9B1A-896D8655D387}.Debug|Any CPU.ActiveCfg = Debug|Any CPU
		{1EC5A73A-69A7-41F7-9B1A-896D8655D387}.Debug|Any CPU.Build.0 = Debug|Any CPU
		{1EC5A73A-69A7-41F7-9B1A-896D8655D387}.Release|Any CPU.ActiveCfg = Release|Any CPU
		{1EC5A73A-69A7-41F7-9B1A-896D8655D387}.Release|Any CPU.Build.0 = Release|Any CPU
	EndGlobalSection
	GlobalSection(SolutionProperties) = preSolution
		HideSolutionNode = FALSE
	EndGlobalSection
	GlobalSection(ExtensibilityGlobals) = postSolution
		SolutionGuid = {A417D1DE-84A0-41E3-A00B-70FF1C32689B}
	EndGlobalSection
EndGlobal
